// !$*UTF8*$!
{
	archiveVersion = 1;
	classes = {
	};
	objectVersion = 51;
	objects = {

/* Begin PBXBuildFile section */
		7771237353BAD20109477406 /* Pods_testqf.framework in Frameworks */ = {isa = PBXBuildFile; fileRef = D4E437C7094DA7E38508D820 /* Pods_testqf.framework */; };
		BC6F3FE626F076030084B333 /* NewsDetail.m in Sources */ = {isa = PBXBuildFile; fileRef = BC6F3FE526F076030084B333 /* NewsDetail.m */; };
		BC86028126E6166000233133 /* XLCycleCollectionView.m in Sources */ = {isa = PBXBuildFile; fileRef = BC86027E26E6166000233133 /* XLCycleCollectionView.m */; };
		BC86028226E6166000233133 /* XLCycleCell.m in Sources */ = {isa = PBXBuildFile; fileRef = BC86027F26E6166000233133 /* XLCycleCell.m */; };
		BC86028926E8573400233133 /* News.m in Sources */ = {isa = PBXBuildFile; fileRef = BC86028826E8573400233133 /* News.m */; };
		BC86028B26E89B2100233133 /* NewsCell.xib in Resources */ = {isa = PBXBuildFile; fileRef = BC86028A26E89B2100233133 /* NewsCell.xib */; };
		BC86028E26E8A0A200233133 /* NewsCellTableViewCell.m in Sources */ = {isa = PBXBuildFile; fileRef = BC86028D26E8A0A200233133 /* NewsCellTableViewCell.m */; };
		BCDB40D326DF6A7B00E35F37 /* AppDelegate.m in Sources */ = {isa = PBXBuildFile; fileRef = BCDB40D226DF6A7B00E35F37 /* AppDelegate.m */; };
		BCDB40D626DF6A7B00E35F37 /* SceneDelegate.m in Sources */ = {isa = PBXBuildFile; fileRef = BCDB40D526DF6A7B00E35F37 /* SceneDelegate.m */; };
		BCDB40D926DF6A7B00E35F37 /* ViewController.m in Sources */ = {isa = PBXBuildFile; fileRef = BCDB40D826DF6A7B00E35F37 /* ViewController.m */; };
		BCDB40DC26DF6A7B00E35F37 /* Main.storyboard in Resources */ = {isa = PBXBuildFile; fileRef = BCDB40DA26DF6A7B00E35F37 /* Main.storyboard */; };
		BCDB40DE26DF6A7C00E35F37 /* Assets.xcassets in Resources */ = {isa = PBXBuildFile; fileRef = BCDB40DD26DF6A7C00E35F37 /* Assets.xcassets */; };
		BCDB40E126DF6A7C00E35F37 /* LaunchScreen.storyboard in Resources */ = {isa = PBXBuildFile; fileRef = BCDB40DF26DF6A7C00E35F37 /* LaunchScreen.storyboard */; };
		BCDB40E426DF6A7C00E35F37 /* main.m in Sources */ = {isa = PBXBuildFile; fileRef = BCDB40E326DF6A7C00E35F37 /* main.m */; };
		BCDB40EE26DF6A7C00E35F37 /* testqfTests.m in Sources */ = {isa = PBXBuildFile; fileRef = BCDB40ED26DF6A7C00E35F37 /* testqfTests.m */; };
		BCDB40F926DF6A7C00E35F37 /* testqfUITests.m in Sources */ = {isa = PBXBuildFile; fileRef = BCDB40F826DF6A7C00E35F37 /* testqfUITests.m */; };
		BCDB410B26DF717400E35F37 /* HomeViewController.m in Sources */ = {isa = PBXBuildFile; fileRef = BCDB410A26DF717400E35F37 /* HomeViewController.m */; };
		BCDB410E26DF726A00E35F37 /* FunctionViewController.m in Sources */ = {isa = PBXBuildFile; fileRef = BCDB410D26DF726A00E35F37 /* FunctionViewController.m */; };
		BCDB411226E0B4AD00E35F37 /* NetworkTools.m in Sources */ = {isa = PBXBuildFile; fileRef = BCDB411126E0B4AD00E35F37 /* NetworkTools.m */; };
		BCDB411626E0B8BD00E35F37 /* HeadLine.m in Sources */ = {isa = PBXBuildFile; fileRef = BCDB411526E0B8BD00E35F37 /* HeadLine.m */; };
		BCDB411926E0CFCA00E35F37 /* HeadLineCell.m in Sources */ = {isa = PBXBuildFile; fileRef = BCDB411826E0CFCA00E35F37 /* HeadLineCell.m */; };
		EC585F9171FFB11937441482 /* Pods_testqf_testqfUITests.framework in Frameworks */ = {isa = PBXBuildFile; fileRef = 58EAD99A5B4E90A5C00CB82E /* Pods_testqf_testqfUITests.framework */; };
		EFF8EA4300CA9C8F4A968446 /* Pods_testqfTests.framework in Frameworks */ = {isa = PBXBuildFile; fileRef = B27979EF9D1DFB3A6A2B4F7E /* Pods_testqfTests.framework */; };
/* End PBXBuildFile section */

/* Begin PBXContainerItemProxy section */
		BCDB40EA26DF6A7C00E35F37 /* PBXContainerItemProxy */ = {
			isa = PBXContainerItemProxy;
			containerPortal = BCDB40C626DF6A7B00E35F37 /* Project object */;
			proxyType = 1;
			remoteGlobalIDString = BCDB40CD26DF6A7B00E35F37;
			remoteInfo = testqf;
		};
		BCDB40F526DF6A7C00E35F37 /* PBXContainerItemProxy */ = {
			isa = PBXContainerItemProxy;
			containerPortal = BCDB40C626DF6A7B00E35F37 /* Project object */;
			proxyType = 1;
			remoteGlobalIDString = BCDB40CD26DF6A7B00E35F37;
			remoteInfo = testqf;
		};
/* End PBXContainerItemProxy section */

/* Begin PBXFileReference section */
		0FCFC2FD4D09773BB0657105 /* Pods-testqfTests.release.xcconfig */ = {isa = PBXFileReference; includeInIndex = 1; lastKnownFileType = text.xcconfig; name = "Pods-testqfTests.release.xcconfig"; path = "Target Support Files/Pods-testqfTests/Pods-testqfTests.release.xcconfig"; sourceTree = "<group>"; };
		58EAD99A5B4E90A5C00CB82E /* Pods_testqf_testqfUITests.framework */ = {isa = PBXFileReference; explicitFileType = wrapper.framework; includeInIndex = 0; path = Pods_testqf_testqfUITests.framework; sourceTree = BUILT_PRODUCTS_DIR; };
		62CDDF1DAAC2434D822F838B /* Pods-testqf.debug.xcconfig */ = {isa = PBXFileReference; includeInIndex = 1; lastKnownFileType = text.xcconfig; name = "Pods-testqf.debug.xcconfig"; path = "Target Support Files/Pods-testqf/Pods-testqf.debug.xcconfig"; sourceTree = "<group>"; };
		64996DBFBBB907CF1CAF2761 /* Pods-testqf-testqfUITests.debug.xcconfig */ = {isa = PBXFileReference; includeInIndex = 1; lastKnownFileType = text.xcconfig; name = "Pods-testqf-testqfUITests.debug.xcconfig"; path = "Target Support Files/Pods-testqf-testqfUITests/Pods-testqf-testqfUITests.debug.xcconfig"; sourceTree = "<group>"; };
		B27979EF9D1DFB3A6A2B4F7E /* Pods_testqfTests.framework */ = {isa = PBXFileReference; explicitFileType = wrapper.framework; includeInIndex = 0; path = Pods_testqfTests.framework; sourceTree = BUILT_PRODUCTS_DIR; };
		BC6F3FE426F076030084B333 /* NewsDetail.h */ = {isa = PBXFileReference; lastKnownFileType = sourcecode.c.h; path = NewsDetail.h; sourceTree = "<group>"; };
		BC6F3FE526F076030084B333 /* NewsDetail.m */ = {isa = PBXFileReference; lastKnownFileType = sourcecode.c.objc; path = NewsDetail.m; sourceTree = "<group>"; };
		BC86027D26E6166000233133 /* XLCycleCollectionView.h */ = {isa = PBXFileReference; fileEncoding = 4; lastKnownFileType = sourcecode.c.h; path = XLCycleCollectionView.h; sourceTree = "<group>"; };
		BC86027E26E6166000233133 /* XLCycleCollectionView.m */ = {isa = PBXFileReference; fileEncoding = 4; lastKnownFileType = sourcecode.c.objc; path = XLCycleCollectionView.m; sourceTree = "<group>"; };
		BC86027F26E6166000233133 /* XLCycleCell.m */ = {isa = PBXFileReference; fileEncoding = 4; lastKnownFileType = sourcecode.c.objc; path = XLCycleCell.m; sourceTree = "<group>"; };
		BC86028026E6166000233133 /* XLCycleCell.h */ = {isa = PBXFileReference; fileEncoding = 4; lastKnownFileType = sourcecode.c.h; path = XLCycleCell.h; sourceTree = "<group>"; };
		BC86028726E8573400233133 /* News.h */ = {isa = PBXFileReference; lastKnownFileType = sourcecode.c.h; path = News.h; sourceTree = "<group>"; };
		BC86028826E8573400233133 /* News.m */ = {isa = PBXFileReference; lastKnownFileType = sourcecode.c.objc; path = News.m; sourceTree = "<group>"; };
		BC86028A26E89B2100233133 /* NewsCell.xib */ = {isa = PBXFileReference; lastKnownFileType = file.xib; path = NewsCell.xib; sourceTree = "<group>"; };
		BC86028C26E8A0A200233133 /* NewsCellTableViewCell.h */ = {isa = PBXFileReference; lastKnownFileType = sourcecode.c.h; path = NewsCellTableViewCell.h; sourceTree = "<group>"; };
		BC86028D26E8A0A200233133 /* NewsCellTableViewCell.m */ = {isa = PBXFileReference; lastKnownFileType = sourcecode.c.objc; path = NewsCellTableViewCell.m; sourceTree = "<group>"; };
		BCDB40CE26DF6A7B00E35F37 /* testqf.app */ = {isa = PBXFileReference; explicitFileType = wrapper.application; includeInIndex = 0; path = testqf.app; sourceTree = BUILT_PRODUCTS_DIR; };
		BCDB40D126DF6A7B00E35F37 /* AppDelegate.h */ = {isa = PBXFileReference; lastKnownFileType = sourcecode.c.h; path = AppDelegate.h; sourceTree = "<group>"; };
		BCDB40D226DF6A7B00E35F37 /* AppDelegate.m */ = {isa = PBXFileReference; lastKnownFileType = sourcecode.c.objc; path = AppDelegate.m; sourceTree = "<group>"; };
		BCDB40D426DF6A7B00E35F37 /* SceneDelegate.h */ = {isa = PBXFileReference; lastKnownFileType = sourcecode.c.h; path = SceneDelegate.h; sourceTree = "<group>"; };
		BCDB40D526DF6A7B00E35F37 /* SceneDelegate.m */ = {isa = PBXFileReference; lastKnownFileType = sourcecode.c.objc; path = SceneDelegate.m; sourceTree = "<group>"; };
		BCDB40D726DF6A7B00E35F37 /* ViewController.h */ = {isa = PBXFileReference; lastKnownFileType = sourcecode.c.h; path = ViewController.h; sourceTree = "<group>"; };
		BCDB40D826DF6A7B00E35F37 /* ViewController.m */ = {isa = PBXFileReference; lastKnownFileType = sourcecode.c.objc; path = ViewController.m; sourceTree = "<group>"; };
		BCDB40DB26DF6A7B00E35F37 /* Base */ = {isa = PBXFileReference; lastKnownFileType = file.storyboard; name = Base; path = Base.lproj/Main.storyboard; sourceTree = "<group>"; };
		BCDB40DD26DF6A7C00E35F37 /* Assets.xcassets */ = {isa = PBXFileReference; lastKnownFileType = folder.assetcatalog; path = Assets.xcassets; sourceTree = "<group>"; };
		BCDB40E026DF6A7C00E35F37 /* Base */ = {isa = PBXFileReference; lastKnownFileType = file.storyboard; name = Base; path = Base.lproj/LaunchScreen.storyboard; sourceTree = "<group>"; };
		BCDB40E226DF6A7C00E35F37 /* Info.plist */ = {isa = PBXFileReference; lastKnownFileType = text.plist.xml; path = Info.plist; sourceTree = "<group>"; };
		BCDB40E326DF6A7C00E35F37 /* main.m */ = {isa = PBXFileReference; lastKnownFileType = sourcecode.c.objc; path = main.m; sourceTree = "<group>"; };
		BCDB40E926DF6A7C00E35F37 /* testqfTests.xctest */ = {isa = PBXFileReference; explicitFileType = wrapper.cfbundle; includeInIndex = 0; path = testqfTests.xctest; sourceTree = BUILT_PRODUCTS_DIR; };
		BCDB40ED26DF6A7C00E35F37 /* testqfTests.m */ = {isa = PBXFileReference; lastKnownFileType = sourcecode.c.objc; path = testqfTests.m; sourceTree = "<group>"; };
		BCDB40EF26DF6A7C00E35F37 /* Info.plist */ = {isa = PBXFileReference; lastKnownFileType = text.plist.xml; path = Info.plist; sourceTree = "<group>"; };
		BCDB40F426DF6A7C00E35F37 /* testqfUITests.xctest */ = {isa = PBXFileReference; explicitFileType = wrapper.cfbundle; includeInIndex = 0; path = testqfUITests.xctest; sourceTree = BUILT_PRODUCTS_DIR; };
		BCDB40F826DF6A7C00E35F37 /* testqfUITests.m */ = {isa = PBXFileReference; lastKnownFileType = sourcecode.c.objc; path = testqfUITests.m; sourceTree = "<group>"; };
		BCDB40FA26DF6A7C00E35F37 /* Info.plist */ = {isa = PBXFileReference; lastKnownFileType = text.plist.xml; path = Info.plist; sourceTree = "<group>"; };
		BCDB410926DF717400E35F37 /* HomeViewController.h */ = {isa = PBXFileReference; lastKnownFileType = sourcecode.c.h; path = HomeViewController.h; sourceTree = "<group>"; };
		BCDB410A26DF717400E35F37 /* HomeViewController.m */ = {isa = PBXFileReference; lastKnownFileType = sourcecode.c.objc; path = HomeViewController.m; sourceTree = "<group>"; };
		BCDB410C26DF726A00E35F37 /* FunctionViewController.h */ = {isa = PBXFileReference; lastKnownFileType = sourcecode.c.h; path = FunctionViewController.h; sourceTree = "<group>"; };
		BCDB410D26DF726A00E35F37 /* FunctionViewController.m */ = {isa = PBXFileReference; lastKnownFileType = sourcecode.c.objc; path = FunctionViewController.m; sourceTree = "<group>"; };
		BCDB411026E0B4AD00E35F37 /* NetworkTools.h */ = {isa = PBXFileReference; lastKnownFileType = sourcecode.c.h; path = NetworkTools.h; sourceTree = "<group>"; };
		BCDB411126E0B4AD00E35F37 /* NetworkTools.m */ = {isa = PBXFileReference; lastKnownFileType = sourcecode.c.objc; path = NetworkTools.m; sourceTree = "<group>"; };
		BCDB411426E0B8BD00E35F37 /* HeadLine.h */ = {isa = PBXFileReference; lastKnownFileType = sourcecode.c.h; path = HeadLine.h; sourceTree = "<group>"; };
		BCDB411526E0B8BD00E35F37 /* HeadLine.m */ = {isa = PBXFileReference; lastKnownFileType = sourcecode.c.objc; path = HeadLine.m; sourceTree = "<group>"; };
		BCDB411726E0CFCA00E35F37 /* HeadLineCell.h */ = {isa = PBXFileReference; lastKnownFileType = sourcecode.c.h; path = HeadLineCell.h; sourceTree = "<group>"; };
		BCDB411826E0CFCA00E35F37 /* HeadLineCell.m */ = {isa = PBXFileReference; lastKnownFileType = sourcecode.c.objc; path = HeadLineCell.m; sourceTree = "<group>"; };
		BCDB411A26E203A300E35F37 /* PrefixHeader.pch */ = {isa = PBXFileReference; lastKnownFileType = sourcecode.c.h; path = PrefixHeader.pch; sourceTree = "<group>"; };
		C298E80C56085812BEA2F3B9 /* Pods-testqf.release.xcconfig */ = {isa = PBXFileReference; includeInIndex = 1; lastKnownFileType = text.xcconfig; name = "Pods-testqf.release.xcconfig"; path = "Target Support Files/Pods-testqf/Pods-testqf.release.xcconfig"; sourceTree = "<group>"; };
		D4E437C7094DA7E38508D820 /* Pods_testqf.framework */ = {isa = PBXFileReference; explicitFileType = wrapper.framework; includeInIndex = 0; path = Pods_testqf.framework; sourceTree = BUILT_PRODUCTS_DIR; };
		DCACEC0A081798D284F436DF /* Pods-testqfTests.debug.xcconfig */ = {isa = PBXFileReference; includeInIndex = 1; lastKnownFileType = text.xcconfig; name = "Pods-testqfTests.debug.xcconfig"; path = "Target Support Files/Pods-testqfTests/Pods-testqfTests.debug.xcconfig"; sourceTree = "<group>"; };
		E0786DF1306C74A588EAA562 /* Pods-testqf-testqfUITests.release.xcconfig */ = {isa = PBXFileReference; includeInIndex = 1; lastKnownFileType = text.xcconfig; name = "Pods-testqf-testqfUITests.release.xcconfig"; path = "Target Support Files/Pods-testqf-testqfUITests/Pods-testqf-testqfUITests.release.xcconfig"; sourceTree = "<group>"; };
/* End PBXFileReference section */

/* Begin PBXFrameworksBuildPhase section */
		BCDB40CB26DF6A7B00E35F37 /* Frameworks */ = {
			isa = PBXFrameworksBuildPhase;
			buildActionMask = 2147483647;
			files = (
				7771237353BAD20109477406 /* Pods_testqf.framework in Frameworks */,
			);
			runOnlyForDeploymentPostprocessing = 0;
		};
		BCDB40E626DF6A7C00E35F37 /* Frameworks */ = {
			isa = PBXFrameworksBuildPhase;
			buildActionMask = 2147483647;
			files = (
				EFF8EA4300CA9C8F4A968446 /* Pods_testqfTests.framework in Frameworks */,
			);
			runOnlyForDeploymentPostprocessing = 0;
		};
		BCDB40F126DF6A7C00E35F37 /* Frameworks */ = {
			isa = PBXFrameworksBuildPhase;
			buildActionMask = 2147483647;
			files = (
				EC585F9171FFB11937441482 /* Pods_testqf_testqfUITests.framework in Frameworks */,
			);
			runOnlyForDeploymentPostprocessing = 0;
		};
/* End PBXFrameworksBuildPhase section */

/* Begin PBXGroup section */
		1A74A82A5F6437CAD946FD00 /* Frameworks */ = {
			isa = PBXGroup;
			children = (
				D4E437C7094DA7E38508D820 /* Pods_testqf.framework */,
				58EAD99A5B4E90A5C00CB82E /* Pods_testqf_testqfUITests.framework */,
				B27979EF9D1DFB3A6A2B4F7E /* Pods_testqfTests.framework */,
			);
			name = Frameworks;
			sourceTree = "<group>";
		};
		24D82AD6B0669DF90E964C97 /* Pods */ = {
			isa = PBXGroup;
			children = (
				62CDDF1DAAC2434D822F838B /* Pods-testqf.debug.xcconfig */,
				C298E80C56085812BEA2F3B9 /* Pods-testqf.release.xcconfig */,
				64996DBFBBB907CF1CAF2761 /* Pods-testqf-testqfUITests.debug.xcconfig */,
				E0786DF1306C74A588EAA562 /* Pods-testqf-testqfUITests.release.xcconfig */,
				DCACEC0A081798D284F436DF /* Pods-testqfTests.debug.xcconfig */,
				0FCFC2FD4D09773BB0657105 /* Pods-testqfTests.release.xcconfig */,
			);
			path = Pods;
			sourceTree = "<group>";
		};
		BC86028626E8570E00233133 /* News */ = {
			isa = PBXGroup;
			children = (
				BC86028726E8573400233133 /* News.h */,
				BC86028826E8573400233133 /* News.m */,
				BC86028A26E89B2100233133 /* NewsCell.xib */,
				BC86028C26E8A0A200233133 /* NewsCellTableViewCell.h */,
				BC86028D26E8A0A200233133 /* NewsCellTableViewCell.m */,
				BC6F3FE426F076030084B333 /* NewsDetail.h */,
				BC6F3FE526F076030084B333 /* NewsDetail.m */,
			);
			path = News;
			sourceTree = "<group>";
		};
		BCDB40C526DF6A7B00E35F37 = {
			isa = PBXGroup;
			children = (
				BCDB411A26E203A300E35F37 /* PrefixHeader.pch */,
				BCDB40D026DF6A7B00E35F37 /* testqf */,
				BCDB40EC26DF6A7C00E35F37 /* testqfTests */,
				BCDB40F726DF6A7C00E35F37 /* testqfUITests */,
				BCDB40CF26DF6A7B00E35F37 /* Products */,
				24D82AD6B0669DF90E964C97 /* Pods */,
				1A74A82A5F6437CAD946FD00 /* Frameworks */,
			);
			sourceTree = "<group>";
		};
		BCDB40CF26DF6A7B00E35F37 /* Products */ = {
			isa = PBXGroup;
			children = (
				BCDB40CE26DF6A7B00E35F37 /* testqf.app */,
				BCDB40E926DF6A7C00E35F37 /* testqfTests.xctest */,
				BCDB40F426DF6A7C00E35F37 /* testqfUITests.xctest */,
			);
			name = Products;
			sourceTree = "<group>";
		};
		BCDB40D026DF6A7B00E35F37 /* testqf */ = {
			isa = PBXGroup;
			children = (
				BC86028626E8570E00233133 /* News */,
				BCDB411326E0B89000E35F37 /* ImageLoop */,
				BCDB410F26E0B46F00E35F37 /* Tools */,
				BCDB40D126DF6A7B00E35F37 /* AppDelegate.h */,
				BCDB40D226DF6A7B00E35F37 /* AppDelegate.m */,
				BCDB40D426DF6A7B00E35F37 /* SceneDelegate.h */,
				BCDB40D526DF6A7B00E35F37 /* SceneDelegate.m */,
				BCDB40D726DF6A7B00E35F37 /* ViewController.h */,
				BCDB40D826DF6A7B00E35F37 /* ViewController.m */,
				BCDB410926DF717400E35F37 /* HomeViewController.h */,
				BCDB410A26DF717400E35F37 /* HomeViewController.m */,
				BCDB410C26DF726A00E35F37 /* FunctionViewController.h */,
				BCDB410D26DF726A00E35F37 /* FunctionViewController.m */,
				BCDB40DA26DF6A7B00E35F37 /* Main.storyboard */,
				BCDB40DD26DF6A7C00E35F37 /* Assets.xcassets */,
				BCDB40DF26DF6A7C00E35F37 /* LaunchScreen.storyboard */,
				BCDB40E226DF6A7C00E35F37 /* Info.plist */,
				BCDB40E326DF6A7C00E35F37 /* main.m */,
			);
			path = testqf;
			sourceTree = "<group>";
		};
		BCDB40EC26DF6A7C00E35F37 /* testqfTests */ = {
			isa = PBXGroup;
			children = (
				BCDB40ED26DF6A7C00E35F37 /* testqfTests.m */,
				BCDB40EF26DF6A7C00E35F37 /* Info.plist */,
			);
			path = testqfTests;
			sourceTree = "<group>";
		};
		BCDB40F726DF6A7C00E35F37 /* testqfUITests */ = {
			isa = PBXGroup;
			children = (
				BCDB40F826DF6A7C00E35F37 /* testqfUITests.m */,
				BCDB40FA26DF6A7C00E35F37 /* Info.plist */,
			);
			path = testqfUITests;
			sourceTree = "<group>";
		};
		BCDB410F26E0B46F00E35F37 /* Tools */ = {
			isa = PBXGroup;
			children = (
				BCDB411026E0B4AD00E35F37 /* NetworkTools.h */,
				BCDB411126E0B4AD00E35F37 /* NetworkTools.m */,
			);
			path = Tools;
			sourceTree = "<group>";
		};
		BCDB411326E0B89000E35F37 /* ImageLoop */ = {
			isa = PBXGroup;
			children = (
				BC86028026E6166000233133 /* XLCycleCell.h */,
				BC86027F26E6166000233133 /* XLCycleCell.m */,
				BC86027D26E6166000233133 /* XLCycleCollectionView.h */,
				BC86027E26E6166000233133 /* XLCycleCollectionView.m */,
				BCDB411426E0B8BD00E35F37 /* HeadLine.h */,
				BCDB411526E0B8BD00E35F37 /* HeadLine.m */,
				BCDB411726E0CFCA00E35F37 /* HeadLineCell.h */,
				BCDB411826E0CFCA00E35F37 /* HeadLineCell.m */,
			);
			path = ImageLoop;
			sourceTree = "<group>";
		};
/* End PBXGroup section */

/* Begin PBXNativeTarget section */
		BCDB40CD26DF6A7B00E35F37 /* testqf */ = {
			isa = PBXNativeTarget;
			buildConfigurationList = BCDB40FD26DF6A7C00E35F37 /* Build configuration list for PBXNativeTarget "testqf" */;
			buildPhases = (
				94D99B0A7CB8C42221DD6253 /* [CP] Check Pods Manifest.lock */,
				BCDB40CA26DF6A7B00E35F37 /* Sources */,
				BCDB40CB26DF6A7B00E35F37 /* Frameworks */,
				BCDB40CC26DF6A7B00E35F37 /* Resources */,
				61FEB0865E4D5469C83AB341 /* [CP] Embed Pods Frameworks */,
			);
			buildRules = (
			);
			dependencies = (
			);
			name = testqf;
			productName = testqf;
			productReference = BCDB40CE26DF6A7B00E35F37 /* testqf.app */;
			productType = "com.apple.product-type.application";
		};
		BCDB40E826DF6A7C00E35F37 /* testqfTests */ = {
			isa = PBXNativeTarget;
			buildConfigurationList = BCDB410026DF6A7C00E35F37 /* Build configuration list for PBXNativeTarget "testqfTests" */;
			buildPhases = (
				E5065EE9E299B7FADF7F7F71 /* [CP] Check Pods Manifest.lock */,
				BCDB40E526DF6A7C00E35F37 /* Sources */,
				BCDB40E626DF6A7C00E35F37 /* Frameworks */,
				BCDB40E726DF6A7C00E35F37 /* Resources */,
			);
			buildRules = (
			);
			dependencies = (
				BCDB40EB26DF6A7C00E35F37 /* PBXTargetDependency */,
			);
			name = testqfTests;
			productName = testqfTests;
			productReference = BCDB40E926DF6A7C00E35F37 /* testqfTests.xctest */;
			productType = "com.apple.product-type.bundle.unit-test";
		};
		BCDB40F326DF6A7C00E35F37 /* testqfUITests */ = {
			isa = PBXNativeTarget;
			buildConfigurationList = BCDB410326DF6A7C00E35F37 /* Build configuration list for PBXNativeTarget "testqfUITests" */;
			buildPhases = (
				8BE256550CC66B504F3BA384 /* [CP] Check Pods Manifest.lock */,
				BCDB40F026DF6A7C00E35F37 /* Sources */,
				BCDB40F126DF6A7C00E35F37 /* Frameworks */,
				BCDB40F226DF6A7C00E35F37 /* Resources */,
				6537AA7009850E7D25E6F9F7 /* [CP] Embed Pods Frameworks */,
			);
			buildRules = (
			);
			dependencies = (
				BCDB40F626DF6A7C00E35F37 /* PBXTargetDependency */,
			);
			name = testqfUITests;
			productName = testqfUITests;
			productReference = BCDB40F426DF6A7C00E35F37 /* testqfUITests.xctest */;
			productType = "com.apple.product-type.bundle.ui-testing";
		};
/* End PBXNativeTarget section */

/* Begin PBXProject section */
		BCDB40C626DF6A7B00E35F37 /* Project object */ = {
			isa = PBXProject;
			attributes = {
				LastUpgradeCheck = 1250;
				TargetAttributes = {
					BCDB40CD26DF6A7B00E35F37 = {
						CreatedOnToolsVersion = 12.5.1;
					};
					BCDB40E826DF6A7C00E35F37 = {
						CreatedOnToolsVersion = 12.5.1;
						TestTargetID = BCDB40CD26DF6A7B00E35F37;
					};
					BCDB40F326DF6A7C00E35F37 = {
						CreatedOnToolsVersion = 12.5.1;
						TestTargetID = BCDB40CD26DF6A7B00E35F37;
					};
				};
			};
			buildConfigurationList = BCDB40C926DF6A7B00E35F37 /* Build configuration list for PBXProject "testqf" */;
			compatibilityVersion = "Xcode 9.3";
			developmentRegion = en;
			hasScannedForEncodings = 0;
			knownRegions = (
				en,
				Base,
			);
			mainGroup = BCDB40C526DF6A7B00E35F37;
			productRefGroup = BCDB40CF26DF6A7B00E35F37 /* Products */;
			projectDirPath = "";
			projectRoot = "";
			targets = (
				BCDB40CD26DF6A7B00E35F37 /* testqf */,
				BCDB40E826DF6A7C00E35F37 /* testqfTests */,
				BCDB40F326DF6A7C00E35F37 /* testqfUITests */,
			);
		};
/* End PBXProject section */

/* Begin PBXResourcesBuildPhase section */
		BCDB40CC26DF6A7B00E35F37 /* Resources */ = {
			isa = PBXResourcesBuildPhase;
			buildActionMask = 2147483647;
			files = (
				BCDB40E126DF6A7C00E35F37 /* LaunchScreen.storyboard in Resources */,
				BCDB40DE26DF6A7C00E35F37 /* Assets.xcassets in Resources */,
				BC86028B26E89B2100233133 /* NewsCell.xib in Resources */,
				BCDB40DC26DF6A7B00E35F37 /* Main.storyboard in Resources */,
			);
			runOnlyForDeploymentPostprocessing = 0;
		};
		BCDB40E726DF6A7C00E35F37 /* Resources */ = {
			isa = PBXResourcesBuildPhase;
			buildActionMask = 2147483647;
			files = (
			);
			runOnlyForDeploymentPostprocessing = 0;
		};
		BCDB40F226DF6A7C00E35F37 /* Resources */ = {
			isa = PBXResourcesBuildPhase;
			buildActionMask = 2147483647;
			files = (
			);
			runOnlyForDeploymentPostprocessing = 0;
		};
/* End PBXResourcesBuildPhase section */

/* Begin PBXShellScriptBuildPhase section */
		61FEB0865E4D5469C83AB341 /* [CP] Embed Pods Frameworks */ = {
			isa = PBXShellScriptBuildPhase;
			buildActionMask = 2147483647;
			files = (
			);
			inputFileListPaths = (
				"${PODS_ROOT}/Target Support Files/Pods-testqf/Pods-testqf-frameworks-${CONFIGURATION}-input-files.xcfilelist",
			);
			name = "[CP] Embed Pods Frameworks";
			outputFileListPaths = (
				"${PODS_ROOT}/Target Support Files/Pods-testqf/Pods-testqf-frameworks-${CONFIGURATION}-output-files.xcfilelist",
			);
			runOnlyForDeploymentPostprocessing = 0;
			shellPath = /bin/sh;
			shellScript = "\"${PODS_ROOT}/Target Support Files/Pods-testqf/Pods-testqf-frameworks.sh\"\n";
			showEnvVarsInLog = 0;
		};
		6537AA7009850E7D25E6F9F7 /* [CP] Embed Pods Frameworks */ = {
			isa = PBXShellScriptBuildPhase;
			buildActionMask = 2147483647;
			files = (
			);
			inputFileListPaths = (
				"${PODS_ROOT}/Target Support Files/Pods-testqf-testqfUITests/Pods-testqf-testqfUITests-frameworks-${CONFIGURATION}-input-files.xcfilelist",
			);
			name = "[CP] Embed Pods Frameworks";
			outputFileListPaths = (
				"${PODS_ROOT}/Target Support Files/Pods-testqf-testqfUITests/Pods-testqf-testqfUITests-frameworks-${CONFIGURATION}-output-files.xcfilelist",
			);
			runOnlyForDeploymentPostprocessing = 0;
			shellPath = /bin/sh;
			shellScript = "\"${PODS_ROOT}/Target Support Files/Pods-testqf-testqfUITests/Pods-testqf-testqfUITests-frameworks.sh\"\n";
			showEnvVarsInLog = 0;
		};
		8BE256550CC66B504F3BA384 /* [CP] Check Pods Manifest.lock */ = {
			isa = PBXShellScriptBuildPhase;
			buildActionMask = 2147483647;
			files = (
			);
			inputFileListPaths = (
			);
			inputPaths = (
				"${PODS_PODFILE_DIR_PATH}/Podfile.lock",
				"${PODS_ROOT}/Manifest.lock",
			);
			name = "[CP] Check Pods Manifest.lock";
			outputFileListPaths = (
			);
			outputPaths = (
				"$(DERIVED_FILE_DIR)/Pods-testqf-testqfUITests-checkManifestLockResult.txt",
			);
			runOnlyForDeploymentPostprocessing = 0;
			shellPath = /bin/sh;
			shellScript = "diff \"${PODS_PODFILE_DIR_PATH}/Podfile.lock\" \"${PODS_ROOT}/Manifest.lock\" > /dev/null\nif [ $? != 0 ] ; then\n    # print error to STDERR\n    echo \"error: The sandbox is not in sync with the Podfile.lock. Run 'pod install' or update your CocoaPods installation.\" >&2\n    exit 1\nfi\n# This output is used by Xcode 'outputs' to avoid re-running this script phase.\necho \"SUCCESS\" > \"${SCRIPT_OUTPUT_FILE_0}\"\n";
			showEnvVarsInLog = 0;
		};
		94D99B0A7CB8C42221DD6253 /* [CP] Check Pods Manifest.lock */ = {
			isa = PBXShellScriptBuildPhase;
			buildActionMask = 2147483647;
			files = (
			);
			inputFileListPaths = (
			);
			inputPaths = (
				"${PODS_PODFILE_DIR_PATH}/Podfile.lock",
				"${PODS_ROOT}/Manifest.lock",
			);
			name = "[CP] Check Pods Manifest.lock";
			outputFileListPaths = (
			);
			outputPaths = (
				"$(DERIVED_FILE_DIR)/Pods-testqf-checkManifestLockResult.txt",
			);
			runOnlyForDeploymentPostprocessing = 0;
			shellPath = /bin/sh;
			shellScript = "diff \"${PODS_PODFILE_DIR_PATH}/Podfile.lock\" \"${PODS_ROOT}/Manifest.lock\" > /dev/null\nif [ $? != 0 ] ; then\n    # print error to STDERR\n    echo \"error: The sandbox is not in sync with the Podfile.lock. Run 'pod install' or update your CocoaPods installation.\" >&2\n    exit 1\nfi\n# This output is used by Xcode 'outputs' to avoid re-running this script phase.\necho \"SUCCESS\" > \"${SCRIPT_OUTPUT_FILE_0}\"\n";
			showEnvVarsInLog = 0;
		};
		E5065EE9E299B7FADF7F7F71 /* [CP] Check Pods Manifest.lock */ = {
			isa = PBXShellScriptBuildPhase;
			buildActionMask = 2147483647;
			files = (
			);
			inputFileListPaths = (
			);
			inputPaths = (
				"${PODS_PODFILE_DIR_PATH}/Podfile.lock",
				"${PODS_ROOT}/Manifest.lock",
			);
			name = "[CP] Check Pods Manifest.lock";
			outputFileListPaths = (
			);
			outputPaths = (
				"$(DERIVED_FILE_DIR)/Pods-testqfTests-checkManifestLockResult.txt",
			);
			runOnlyForDeploymentPostprocessing = 0;
			shellPath = /bin/sh;
			shellScript = "diff \"${PODS_PODFILE_DIR_PATH}/Podfile.lock\" \"${PODS_ROOT}/Manifest.lock\" > /dev/null\nif [ $? != 0 ] ; then\n    # print error to STDERR\n    echo \"error: The sandbox is not in sync with the Podfile.lock. Run 'pod install' or update your CocoaPods installation.\" >&2\n    exit 1\nfi\n# This output is used by Xcode 'outputs' to avoid re-running this script phase.\necho \"SUCCESS\" > \"${SCRIPT_OUTPUT_FILE_0}\"\n";
			showEnvVarsInLog = 0;
		};
/* End PBXShellScriptBuildPhase section */

/* Begin PBXSourcesBuildPhase section */
		BCDB40CA26DF6A7B00E35F37 /* Sources */ = {
			isa = PBXSourcesBuildPhase;
			buildActionMask = 2147483647;
			files = (
				BCDB410E26DF726A00E35F37 /* FunctionViewController.m in Sources */,
				BCDB40D926DF6A7B00E35F37 /* ViewController.m in Sources */,
				BC86028926E8573400233133 /* News.m in Sources */,
				BCDB40D326DF6A7B00E35F37 /* AppDelegate.m in Sources */,
				BC86028226E6166000233133 /* XLCycleCell.m in Sources */,
				BCDB40E426DF6A7C00E35F37 /* main.m in Sources */,
				BCDB410B26DF717400E35F37 /* HomeViewController.m in Sources */,
				BCDB411226E0B4AD00E35F37 /* NetworkTools.m in Sources */,
				BCDB40D626DF6A7B00E35F37 /* SceneDelegate.m in Sources */,
				BC6F3FE626F076030084B333 /* NewsDetail.m in Sources */,
				BCDB411626E0B8BD00E35F37 /* HeadLine.m in Sources */,
				BCDB411926E0CFCA00E35F37 /* HeadLineCell.m in Sources */,
				BC86028126E6166000233133 /* XLCycleCollectionView.m in Sources */,
				BC86028E26E8A0A200233133 /* NewsCellTableViewCell.m in Sources */,
			);
			runOnlyForDeploymentPostprocessing = 0;
		};
		BCDB40E526DF6A7C00E35F37 /* Sources */ = {
			isa = PBXSourcesBuildPhase;
			buildActionMask = 2147483647;
			files = (
				BCDB40EE26DF6A7C00E35F37 /* testqfTests.m in Sources */,
			);
			runOnlyForDeploymentPostprocessing = 0;
		};
		BCDB40F026DF6A7C00E35F37 /* Sources */ = {
			isa = PBXSourcesBuildPhase;
			buildActionMask = 2147483647;
			files = (
				BCDB40F926DF6A7C00E35F37 /* testqfUITests.m in Sources */,
			);
			runOnlyForDeploymentPostprocessing = 0;
		};
/* End PBXSourcesBuildPhase section */

/* Begin PBXTargetDependency section */
		BCDB40EB26DF6A7C00E35F37 /* PBXTargetDependency */ = {
			isa = PBXTargetDependency;
			target = BCDB40CD26DF6A7B00E35F37 /* testqf */;
			targetProxy = BCDB40EA26DF6A7C00E35F37 /* PBXContainerItemProxy */;
		};
		BCDB40F626DF6A7C00E35F37 /* PBXTargetDependency */ = {
			isa = PBXTargetDependency;
			target = BCDB40CD26DF6A7B00E35F37 /* testqf */;
			targetProxy = BCDB40F526DF6A7C00E35F37 /* PBXContainerItemProxy */;
		};
/* End PBXTargetDependency section */

/* Begin PBXVariantGroup section */
		BCDB40DA26DF6A7B00E35F37 /* Main.storyboard */ = {
			isa = PBXVariantGroup;
			children = (
				BCDB40DB26DF6A7B00E35F37 /* Base */,
			);
			name = Main.storyboard;
			sourceTree = "<group>";
		};
		BCDB40DF26DF6A7C00E35F37 /* LaunchScreen.storyboard */ = {
			isa = PBXVariantGroup;
			children = (
				BCDB40E026DF6A7C00E35F37 /* Base */,
			);
			name = LaunchScreen.storyboard;
			sourceTree = "<group>";
		};
/* End PBXVariantGroup section */

/* Begin XCBuildConfiguration section */
		BCDB40FB26DF6A7C00E35F37 /* Debug */ = {
			isa = XCBuildConfiguration;
			buildSettings = {
				ALWAYS_SEARCH_USER_PATHS = NO;
				CLANG_ANALYZER_NONNULL = YES;
				CLANG_ANALYZER_NUMBER_OBJECT_CONVERSION = YES_AGGRESSIVE;
				CLANG_CXX_LANGUAGE_STANDARD = "gnu++14";
				CLANG_CXX_LIBRARY = "libc++";
				CLANG_ENABLE_MODULES = YES;
				CLANG_ENABLE_OBJC_ARC = YES;
				CLANG_ENABLE_OBJC_WEAK = YES;
				CLANG_WARN_BLOCK_CAPTURE_AUTORELEASING = YES;
				CLANG_WARN_BOOL_CONVERSION = YES;
				CLANG_WARN_COMMA = YES;
				CLANG_WARN_CONSTANT_CONVERSION = YES;
				CLANG_WARN_DEPRECATED_OBJC_IMPLEMENTATIONS = YES;
				CLANG_WARN_DIRECT_OBJC_ISA_USAGE = YES_ERROR;
				CLANG_WARN_DOCUMENTATION_COMMENTS = YES;
				CLANG_WARN_EMPTY_BODY = YES;
				CLANG_WARN_ENUM_CONVERSION = YES;
				CLANG_WARN_INFINITE_RECURSION = YES;
				CLANG_WARN_INT_CONVERSION = YES;
				CLANG_WARN_NON_LITERAL_NULL_CONVERSION = YES;
				CLANG_WARN_OBJC_IMPLICIT_RETAIN_SELF = YES;
				CLANG_WARN_OBJC_LITERAL_CONVERSION = YES;
				CLANG_WARN_OBJC_ROOT_CLASS = YES_ERROR;
				CLANG_WARN_QUOTED_INCLUDE_IN_FRAMEWORK_HEADER = YES;
				CLANG_WARN_RANGE_LOOP_ANALYSIS = YES;
				CLANG_WARN_STRICT_PROTOTYPES = YES;
				CLANG_WARN_SUSPICIOUS_MOVE = YES;
				CLANG_WARN_UNGUARDED_AVAILABILITY = YES_AGGRESSIVE;
				CLANG_WARN_UNREACHABLE_CODE = YES;
				CLANG_WARN__DUPLICATE_METHOD_MATCH = YES;
				COPY_PHASE_STRIP = NO;
				DEBUG_INFORMATION_FORMAT = dwarf;
				ENABLE_STRICT_OBJC_MSGSEND = YES;
				ENABLE_TESTABILITY = YES;
				GCC_C_LANGUAGE_STANDARD = gnu11;
				GCC_DYNAMIC_NO_PIC = NO;
				GCC_NO_COMMON_BLOCKS = YES;
				GCC_OPTIMIZATION_LEVEL = 0;
				GCC_PREPROCESSOR_DEFINITIONS = (
					"DEBUG=1",
					"$(inherited)",
				);
				GCC_WARN_64_TO_32_BIT_CONVERSION = YES;
				GCC_WARN_ABOUT_RETURN_TYPE = YES_ERROR;
				GCC_WARN_UNDECLARED_SELECTOR = YES;
				GCC_WARN_UNINITIALIZED_AUTOS = YES_AGGRESSIVE;
				GCC_WARN_UNUSED_FUNCTION = YES;
				GCC_WARN_UNUSED_VARIABLE = YES;
				IPHONEOS_DEPLOYMENT_TARGET = 14.5;
				MTL_ENABLE_DEBUG_INFO = INCLUDE_SOURCE;
				MTL_FAST_MATH = YES;
				ONLY_ACTIVE_ARCH = YES;
				SDKROOT = iphoneos;
			};
			name = Debug;
		};
		BCDB40FC26DF6A7C00E35F37 /* Release */ = {
			isa = XCBuildConfiguration;
			buildSettings = {
				ALWAYS_SEARCH_USER_PATHS = NO;
				CLANG_ANALYZER_NONNULL = YES;
				CLANG_ANALYZER_NUMBER_OBJECT_CONVERSION = YES_AGGRESSIVE;
				CLANG_CXX_LANGUAGE_STANDARD = "gnu++14";
				CLANG_CXX_LIBRARY = "libc++";
				CLANG_ENABLE_MODULES = YES;
				CLANG_ENABLE_OBJC_ARC = YES;
				CLANG_ENABLE_OBJC_WEAK = YES;
				CLANG_WARN_BLOCK_CAPTURE_AUTORELEASING = YES;
				CLANG_WARN_BOOL_CONVERSION = YES;
				CLANG_WARN_COMMA = YES;
				CLANG_WARN_CONSTANT_CONVERSION = YES;
				CLANG_WARN_DEPRECATED_OBJC_IMPLEMENTATIONS = YES;
				CLANG_WARN_DIRECT_OBJC_ISA_USAGE = YES_ERROR;
				CLANG_WARN_DOCUMENTATION_COMMENTS = YES;
				CLANG_WARN_EMPTY_BODY = YES;
				CLANG_WARN_ENUM_CONVERSION = YES;
				CLANG_WARN_INFINITE_RECURSION = YES;
				CLANG_WARN_INT_CONVERSION = YES;
				CLANG_WARN_NON_LITERAL_NULL_CONVERSION = YES;
				CLANG_WARN_OBJC_IMPLICIT_RETAIN_SELF = YES;
				CLANG_WARN_OBJC_LITERAL_CONVERSION = YES;
				CLANG_WARN_OBJC_ROOT_CLASS = YES_ERROR;
				CLANG_WARN_QUOTED_INCLUDE_IN_FRAMEWORK_HEADER = YES;
				CLANG_WARN_RANGE_LOOP_ANALYSIS = YES;
				CLANG_WARN_STRICT_PROTOTYPES = YES;
				CLANG_WARN_SUSPICIOUS_MOVE = YES;
				CLANG_WARN_UNGUARDED_AVAILABILITY = YES_AGGRESSIVE;
				CLANG_WARN_UNREACHABLE_CODE = YES;
				CLANG_WARN__DUPLICATE_METHOD_MATCH = YES;
				COPY_PHASE_STRIP = NO;
				DEBUG_INFORMATION_FORMAT = "dwarf-with-dsym";
				ENABLE_NS_ASSERTIONS = NO;
				ENABLE_STRICT_OBJC_MSGSEND = YES;
				GCC_C_LANGUAGE_STANDARD = gnu11;
				GCC_NO_COMMON_BLOCKS = YES;
				GCC_WARN_64_TO_32_BIT_CONVERSION = YES;
				GCC_WARN_ABOUT_RETURN_TYPE = YES_ERROR;
				GCC_WARN_UNDECLARED_SELECTOR = YES;
				GCC_WARN_UNINITIALIZED_AUTOS = YES_AGGRESSIVE;
				GCC_WARN_UNUSED_FUNCTION = YES;
				GCC_WARN_UNUSED_VARIABLE = YES;
				IPHONEOS_DEPLOYMENT_TARGET = 14.5;
				MTL_ENABLE_DEBUG_INFO = NO;
				MTL_FAST_MATH = YES;
				SDKROOT = iphoneos;
				VALIDATE_PRODUCT = YES;
			};
			name = Release;
		};
		BCDB40FE26DF6A7C00E35F37 /* Debug */ = {
			isa = XCBuildConfiguration;
			baseConfigurationReference = 62CDDF1DAAC2434D822F838B /* Pods-testqf.debug.xcconfig */;
			buildSettings = {
				ASSETCATALOG_COMPILER_APPICON_NAME = AppIcon;
				ASSETCATALOG_COMPILER_GLOBAL_ACCENT_COLOR_NAME = AccentColor;
				CODE_SIGN_STYLE = Automatic;
				GCC_PREFIX_HEADER = "$(SRCROOT)/PrefixHeader.pch";
				INFOPLIST_FILE = testqf/Info.plist;
				LD_RUNPATH_SEARCH_PATHS = (
					"$(inherited)",
					"@executable_path/Frameworks",
				);
				PRODUCT_BUNDLE_IDENTIFIER = yihong.zhan.testqf;
				PRODUCT_NAME = "$(TARGET_NAME)";
				TARGETED_DEVICE_FAMILY = 1;
			};
			name = Debug;
		};
		BCDB40FF26DF6A7C00E35F37 /* Release */ = {
			isa = XCBuildConfiguration;
			baseConfigurationReference = C298E80C56085812BEA2F3B9 /* Pods-testqf.release.xcconfig */;
			buildSettings = {
				ASSETCATALOG_COMPILER_APPICON_NAME = AppIcon;
				ASSETCATALOG_COMPILER_GLOBAL_ACCENT_COLOR_NAME = AccentColor;
				CODE_SIGN_STYLE = Automatic;
				GCC_PREFIX_HEADER = "$(SRCROOT)/PrefixHeader.pch";
				INFOPLIST_FILE = testqf/Info.plist;
				LD_RUNPATH_SEARCH_PATHS = (
					"$(inherited)",
					"@executable_path/Frameworks",
				);
				PRODUCT_BUNDLE_IDENTIFIER = yihong.zhan.testqf;
				PRODUCT_NAME = "$(TARGET_NAME)";
				TARGETED_DEVICE_FAMILY = 1;
			};
			name = Release;
		};
		BCDB410126DF6A7C00E35F37 /* Debug */ = {
			isa = XCBuildConfiguration;
			baseConfigurationReference = DCACEC0A081798D284F436DF /* Pods-testqfTests.debug.xcconfig */;
			buildSettings = {
				BUNDLE_LOADER = "$(TEST_HOST)";
				CODE_SIGN_STYLE = Automatic;
				INFOPLIST_FILE = testqfTests/Info.plist;
				IPHONEOS_DEPLOYMENT_TARGET = 14.5;
				LD_RUNPATH_SEARCH_PATHS = (
					"$(inherited)",
					"@executable_path/Frameworks",
					"@loader_path/Frameworks",
				);
				PRODUCT_BUNDLE_IDENTIFIER = yihong.zhan.testqfTests;
				PRODUCT_NAME = "$(TARGET_NAME)";
				TARGETED_DEVICE_FAMILY = "1,2";
				TEST_HOST = "$(BUILT_PRODUCTS_DIR)/testqf.app/testqf";
			};
			name = Debug;
		};
		BCDB410226DF6A7C00E35F37 /* Release */ = {
			isa = XCBuildConfiguration;
			baseConfigurationReference = 0FCFC2FD4D09773BB0657105 /* Pods-testqfTests.release.xcconfig */;
			buildSettings = {
				BUNDLE_LOADER = "$(TEST_HOST)";
				CODE_SIGN_STYLE = Automatic;
				INFOPLIST_FILE = testqfTests/Info.plist;
				IPHONEOS_DEPLOYMENT_TARGET = 14.5;
				LD_RUNPATH_SEARCH_PATHS = (
					"$(inherited)",
					"@executable_path/Frameworks",
					"@loader_path/Frameworks",
				);
				PRODUCT_BUNDLE_IDENTIFIER = yihong.zhan.testqfTests;
				PRODUCT_NAME = "$(TARGET_NAME)";
				TARGETED_DEVICE_FAMILY = "1,2";
				TEST_HOST = "$(BUILT_PRODUCTS_DIR)/testqf.app/testqf";
			};
			name = Release;
		};
		BCDB410426DF6A7C00E35F37 /* Debug */ = {
			isa = XCBuildConfiguration;
			baseConfigurationReference = 64996DBFBBB907CF1CAF2761 /* Pods-testqf-testqfUITests.debug.xcconfig */;
			buildSettings = {
				CODE_SIGN_STYLE = Automatic;
				INFOPLIST_FILE = testqfUITests/Info.plist;
				LD_RUNPATH_SEARCH_PATHS = (
					"$(inherited)",
					"@executable_path/Frameworks",
					"@loader_path/Frameworks",
				);
				PRODUCT_BUNDLE_IDENTIFIER = yihong.zhan.testqfUITests;
				PRODUCT_NAME = "$(TARGET_NAME)";
				TARGETED_DEVICE_FAMILY = "1,2";
				TEST_TARGET_NAME = testqf;
			};
			name = Debug;
		};
		BCDB410526DF6A7C00E35F37 /* Release */ = {
			isa = XCBuildConfiguration;
			baseConfigurationReference = E0786DF1306C74A588EAA562 /* Pods-testqf-testqfUITests.release.xcconfig */;
			buildSettings = {
				CODE_SIGN_STYLE = Automatic;
				INFOPLIST_FILE = testqfUITests/Info.plist;
				LD_RUNPATH_SEARCH_PATHS = (
					"$(inherited)",
					"@executable_path/Frameworks",
					"@loader_path/Frameworks",
				);
				PRODUCT_BUNDLE_IDENTIFIER = yihong.zhan.testqfUITests;
				PRODUCT_NAME = "$(TARGET_NAME)";
				TARGETED_DEVICE_FAMILY = "1,2";
				TEST_TARGET_NAME = testqf;
			};
			name = Release;
		};
/* End XCBuildConfiguration section */

/* Begin XCConfigurationList section */
		BCDB40C926DF6A7B00E35F37 /* Build configuration list for PBXProject "testqf" */ = {
			isa = XCConfigurationList;
			buildConfigurations = (
				BCDB40FB26DF6A7C00E35F37 /* Debug */,
				BCDB40FC26DF6A7C00E35F37 /* Release */,
			);
			defaultConfigurationIsVisible = 0;
			defaultConfigurationName = Release;
		};
		BCDB40FD26DF6A7C00E35F37 /* Build configuration list for PBXNativeTarget "testqf" */ = {
			isa = XCConfigurationList;
			buildConfigurations = (
				BCDB40FE26DF6A7C00E35F37 /* Debug */,
				BCDB40FF26DF6A7C00E35F37 /* Release */,
			);
			defaultConfigurationIsVisible = 0;
			defaultConfigurationName = Release;
		};
		BCDB410026DF6A7C00E35F37 /* Build configuration list for PBXNativeTarget "testqfTests" */ = {
			isa = XCConfigurationList;
			buildConfigurations = (
				BCDB410126DF6A7C00E35F37 /* Debug */,
				BCDB410226DF6A7C00E35F37 /* Release */,
			);
			defaultConfigurationIsVisible = 0;
			defaultConfigurationName = Release;
		};
		BCDB410326DF6A7C00E35F37 /* Build configuration list for PBXNativeTarget "testqfUITests" */ = {
			isa = XCConfigurationList;
			buildConfigurations = (
				BCDB410426DF6A7C00E35F37 /* Debug */,
				BCDB410526DF6A7C00E35F37 /* Release */,
			);
			defaultConfigurationIsVisible = 0;
			defaultConfigurationName = Release;
		};
/* End XCConfigurationList section */
	};
	rootObject = BCDB40C626DF6A7B00E35F37 /* Project object */;
}
